// !$*UTF8*$!
{
	archiveVersion = 1;
	classes = {
	};
	objectVersion = 46;
	objects = {

/* Begin PBXBuildFile section */
		10FB6B561DDBF8430037DB6D /* main.cpp in Sources */ = {isa = PBXBuildFile; fileRef = 10FB6B531DDBF8430037DB6D /* main.cpp */; };
		10FB6B571DDBF8430037DB6D /* TestCase.cpp in Sources */ = {isa = PBXBuildFile; fileRef = 10FB6B541DDBF8430037DB6D /* TestCase.cpp */; };
/* End PBXBuildFile section */

/* Begin PBXCopyFilesBuildPhase section */
		10FB6B471DDBF7C20037DB6D /* CopyFiles */ = {
			isa = PBXCopyFilesBuildPhase;
			buildActionMask = 2147483647;
			dstPath = /usr/share/man/man1/;
			dstSubfolderSpec = 0;
			files = (
			);
			runOnlyForDeploymentPostprocessing = 1;
		};
/* End PBXCopyFilesBuildPhase section */

/* Begin PBXFileReference section */
		10FB6B491DDBF7C30037DB6D /* 9 - Priority Queues */ = {isa = PBXFileReference; explicitFileType = "compiled.mach-o.executable"; includeInIndex = 0; path = "9 - Priority Queues"; sourceTree = BUILT_PRODUCTS_DIR; };
		10FB6B531DDBF8430037DB6D /* main.cpp */ = {isa = PBXFileReference; fileEncoding = 4; lastKnownFileType = sourcecode.cpp.cpp; path = main.cpp; sourceTree = "<group>"; };
		10FB6B541DDBF8430037DB6D /* TestCase.cpp */ = {isa = PBXFileReference; fileEncoding = 4; lastKnownFileType = sourcecode.cpp.cpp; path = TestCase.cpp; sourceTree = "<group>"; };
		10FB6B551DDBF8430037DB6D /* TestCase.h */ = {isa = PBXFileReference; fileEncoding = 4; lastKnownFileType = sourcecode.c.h; path = TestCase.h; sourceTree = "<group>"; };
		10FB6B591DDBF89E0037DB6D /* PriorityQueue.h */ = {isa = PBXFileReference; fileEncoding = 4; lastKnownFileType = sourcecode.c.h; path = PriorityQueue.h; sourceTree = "<group>"; };
/* End PBXFileReference section */

/* Begin PBXFrameworksBuildPhase section */
		10FB6B461DDBF7C20037DB6D /* Frameworks */ = {
			isa = PBXFrameworksBuildPhase;
			buildActionMask = 2147483647;
			files = (
			);
			runOnlyForDeploymentPostprocessing = 0;
		};
/* End PBXFrameworksBuildPhase section */

/* Begin PBXGroup section */
		10FB6B401DDBF7C20037DB6D = {
			isa = PBXGroup;
			children = (
				10FB6B4B1DDBF7C30037DB6D /* 9 - Priority Queues */,
				10FB6B4A1DDBF7C30037DB6D /* Products */,
			);
			sourceTree = "<group>";
		};
		10FB6B4A1DDBF7C30037DB6D /* Products */ = {
			isa = PBXGroup;
			children = (
				10FB6B491DDBF7C30037DB6D /* 9 - Priority Queues */,
			);
			name = Products;
			sourceTree = "<group>";
		};
		10FB6B4B1DDBF7C30037DB6D /* 9 - Priority Queues */ = {
			isa = PBXGroup;
			children = (
				10FB6B531DDBF8430037DB6D /* main.cpp */,
				10FB6B591DDBF89E0037DB6D /* PriorityQueue.h */,
				10FB6B541DDBF8430037DB6D /* TestCase.cpp */,
				10FB6B551DDBF8430037DB6D /* TestCase.h */,
			);
			path = "9 - Priority Queues";
			sourceTree = "<group>";
		};
/* End PBXGroup section */

/* Begin PBXNativeTarget section */
		10FB6B481DDBF7C20037DB6D /* 9 - Priority Queues */ = {
			isa = PBXNativeTarget;
			buildConfigurationList = 10FB6B501DDBF7C30037DB6D /* Build configuration list for PBXNativeTarget "9 - Priority Queues" */;
			buildPhases = (
				10FB6B451DDBF7C20037DB6D /* Sources */,
				10FB6B461DDBF7C20037DB6D /* Frameworks */,
				10FB6B471DDBF7C20037DB6D /* CopyFiles */,
			);
			buildRules = (
			);
			dependencies = (
			);
			name = "9 - Priority Queues";
			productName = "9 - Priority Queues";
			productReference = 10FB6B491DDBF7C30037DB6D /* 9 - Priority Queues */;
			productType = "com.apple.product-type.tool";
		};
/* End PBXNativeTarget section */

/* Begin PBXProject section */
		10FB6B411DDBF7C20037DB6D /* Project object */ = {
			isa = PBXProject;
			attributes = {
				LastUpgradeCheck = 0800;
				ORGANIZATIONNAME = Carrera;
				TargetAttributes = {
					10FB6B481DDBF7C20037DB6D = {
						CreatedOnToolsVersion = 8.0;
						ProvisioningStyle = Automatic;
					};
				};
			};
			buildConfigurationList = 10FB6B441DDBF7C20037DB6D /* Build configuration list for PBXProject "9 - Priority Queues" */;
			compatibilityVersion = "Xcode 3.2";
			developmentRegion = English;
			hasScannedForEncodings = 0;
			knownRegions = (
				en,
			);
			mainGroup = 10FB6B401DDBF7C20037DB6D;
			productRefGroup = 10FB6B4A1DDBF7C30037DB6D /* Products */;
			projectDirPath = "";
			projectRoot = "";
			targets = (
				10FB6B481DDBF7C20037DB6D /* 9 - Priority Queues */,
			);
		};
/* End PBXProject section */

/* Begin PBXSourcesBuildPhase section */
		10FB6B451DDBF7C20037DB6D /* Sources */ = {
			isa = PBXSourcesBuildPhase;
			buildActionMask = 2147483647;
			files = (
				10FB6B561DDBF8430037DB6D /* main.cpp in Sources */,
				10FB6B571DDBF8430037DB6D /* TestCase.cpp in Sources */,
			);
			runOnlyForDeploymentPostprocessing = 0;
		};
/* End PBXSourcesBuildPhase section */

/* Begin XCBuildConfiguration section */
		10FB6B4E1DDBF7C30037DB6D /* Debug */ = {
			isa = XCBuildConfiguration;
			buildSettings = {
				ALWAYS_SEARCH_USER_PATHS = NO;
				CLANG_ANALYZER_NONNULL = YES;
				CLANG_CXX_LANGUAGE_STANDARD = "gnu++0x";
				CLANG_CXX_LIBRARY = "libc++";
				CLANG_ENABLE_MODULES = YES;
				CLANG_ENABLE_OBJC_ARC = YES;
				CLANG_WARN_BOOL_CONVERSION = YES;
				CLANG_WARN_CONSTANT_CONVERSION = YES;
				CLANG_WARN_DIRECT_OBJC_ISA_USAGE = YES_ERROR;
				CLANG_WARN_DOCUMENTATION_COMMENTS = YES;
				CLANG_WARN_EMPTY_BODY = YES;
				CLANG_WARN_ENUM_CONVERSION = YES;
				CLANG_WARN_INFINITE_RECURSION = YES;
				CLANG_WARN_INT_CONVERSION = YES;
				CLANG_WARN_OBJC_ROOT_CLASS = YES_ERROR;
				CLANG_WARN_SUSPICIOUS_MOVES = YES;
				CLANG_WARN_UNREACHABLE_CODE = YES;
				CLANG_WARN__DUPLICATE_METHOD_MATCH = YES;
				CODE_SIGN_IDENTITY = "-";
				COPY_PHASE_STRIP = NO;
				DEBUG_INFORMATION_FORMAT = dwarf;
				ENABLE_STRICT_OBJC_MSGSEND = YES;
				ENABLE_TESTABILITY = YES;
				GCC_C_LANGUAGE_STANDARD = gnu99;
				GCC_DYNAMIC_NO_PIC = NO;
				GCC_NO_COMMON_BLOCKS = YES;
				GCC_OPTIMIZATION_LEVEL = 0;
				GCC_PREPROCESSOR_DEFINITIONS = (
					"DEBUG=1",
					"$(inherited)",
				);
				GCC_WARN_64_TO_32_BIT_CONVERSION = YES;
				GCC_WARN_ABOUT_RETURN_TYPE = YES_ERROR;
				GCC_WARN_UNDECLARED_SELECTOR = YES;
				GCC_WARN_UNINITIALIZED_AUTOS = YES_AGGRESSIVE;
				GCC_WARN_UNUSED_FUNCTION = YES;
				GCC_WARN_UNUSED_VARIABLE = YES;
				MACOSX_DEPLOYMENT_TARGET = 10.12;
				MTL_ENABLE_DEBUG_INFO = YES;
				ONLY_ACTIVE_ARCH = YES;
				SDKROOT = macosx;
			};
			name = Debug;
		};
		10FB6B4F1DDBF7C30037DB6D /* Release */ = {
			isa = XCBuildConfiguration;
			buildSettings = {
				ALWAYS_SEARCH_USER_PATHS = NO;
				CLANG_ANALYZER_NONNULL = YES;
				CLANG_CXX_LANGUAGE_STANDARD = "gnu++0x";
				CLANG_CXX_LIBRARY = "libc++";
				CLANG_ENABLE_MODULES = YES;
				CLANG_ENABLE_OBJC_ARC = YES;
				CLANG_WARN_BOOL_CONVERSION = YES;
				CLANG_WARN_CONSTANT_CONVERSION = YES;
				CLANG_WARN_DIRECT_OBJC_ISA_USAGE = YES_ERROR;
				CLANG_WARN_DOCUMENTATION_COMMENTS = YES;
				CLANG_WARN_EMPTY_BODY = YES;
				CLANG_WARN_ENUM_CONVERSION = YES;
				CLANG_WARN_INFINITE_RECURSION = YES;
				CLANG_WARN_INT_CONVERSION = YES;
				CLANG_WARN_OBJC_ROOT_CLASS = YES_ERROR;
				CLANG_WARN_SUSPICIOUS_MOVES = YES;
				CLANG_WARN_UNREACHABLE_CODE = YES;
				CLANG_WARN__DUPLICATE_METHOD_MATCH = YES;
				CODE_SIGN_IDENTITY = "-";
				COPY_PHASE_STRIP = NO;
				DEBUG_INFORMATION_FORMAT = "dwarf-with-dsym";
				ENABLE_NS_ASSERTIONS = NO;
				ENABLE_STRICT_OBJC_MSGSEND = YES;
				GCC_C_LANGUAGE_STANDARD = gnu99;
				GCC_NO_COMMON_BLOCKS = YES;
				GCC_WARN_64_TO_32_BIT_CONVERSION = YES;
				GCC_WARN_ABOUT_RETURN_TYPE = YES_ERROR;
				GCC_WARN_UNDECLARED_SELECTOR = YES;
				GCC_WARN_UNINITIALIZED_AUTOS = YES_AGGRESSIVE;
				GCC_WARN_UNUSED_FUNCTION = YES;
				GCC_WARN_UNUSED_VARIABLE = YES;
				MACOSX_DEPLOYMENT_TARGET = 10.12;
				MTL_ENABLE_DEBUG_INFO = NO;
				SDKROOT = macosx;
			};
			name = Release;
		};
		10FB6B511DDBF7C30037DB6D /* Debug */ = {
			isa = XCBuildConfiguration;
			buildSettings = {
				PRODUCT_NAME = "$(TARGET_NAME)";
			};
			name = Debug;
		};
		10FB6B521DDBF7C30037DB6D /* Release */ = {
			isa = XCBuildConfiguration;
			buildSettings = {
				PRODUCT_NAME = "$(TARGET_NAME)";
			};
			name = Release;
		};
/* End XCBuildConfiguration section */

/* Begin XCConfigurationList section */
		10FB6B441DDBF7C20037DB6D /* Build configuration list for PBXProject "9 - Priority Queues" */ = {
			isa = XCConfigurationList;
			buildConfigurations = (
				10FB6B4E1DDBF7C30037DB6D /* Debug */,
				10FB6B4F1DDBF7C30037DB6D /* Release */,
			);
			defaultConfigurationIsVisible = 0;
			defaultConfigurationName = Release;
		};
		10FB6B501DDBF7C30037DB6D /* Build configuration list for PBXNativeTarget "9 - Priority Queues" */ = {
			isa = XCConfigurationList;
			buildConfigurations = (
				10FB6B511DDBF7C30037DB6D /* Debug */,
				10FB6B521DDBF7C30037DB6D /* Release */,
			);
			defaultConfigurationIsVisible = 0;
		};
/* End XCConfigurationList section */
	};
	rootObject = 10FB6B411DDBF7C20037DB6D /* Project object */;
}
